
Microsoft Visual Studio Solution File, Format Version 12.00
# Visual Studio Version 16
VisualStudioVersion = 16.0.30517.126
MinimumVisualStudioVersion = 10.0.40219.1
Project("{FAE04EC0-301F-11D3-BF4B-00C04F79EFBC}") = "Win5215Assign2", "Win5215Assign2\Win5215Assign2.csproj", "{24F65716-8DCA-4F03-BCE7-6C87FABC6728}"
EndProject
Global
	GlobalSection(SolutionConfigurationPlatforms) = preSolution
		Debug|Any CPU = Debug|Any CPU
		Release|Any CPU = Release|Any CPU
	EndGlobalSection
	GlobalSection(ProjectConfigurationPlatforms) = postSolution
		{24F65716-8DCA-4F03-BCE7-6C87FABC6728}.Debug|Any CPU.ActiveCfg = Debug|Any CPU
		{24F65716-8DCA-4F03-BCE7-6C87FABC6728}.Debug|Any CPU.Build.0 = Debug|Any CPU
		{24F65716-8DCA-4F03-BCE7-6C87FABC6728}.Release|Any CPU.ActiveCfg = Release|Any CPU
		{24F65716-8DCA-4F03-BCE7-6C87FABC6728}.Release|Any CPU.Build.0 = Release|Any CPU
	EndGlobalSection
	GlobalSection(SolutionProperties) = preSolution
		HideSolutionNode = FALSE
	EndGlobalSection
	GlobalSection(ExtensibilityGlobals) = postSolution
		SolutionGuid = {E1EF9674-9912-4F5F-B143-2FAFCABD735C}
	EndGlobalSection
EndGlobal
